Microsoft Visual Studio Solution File, Format Version 12.00
# Visual Studio 14
VisualStudioVersion = 14.0.25420.1
MinimumVisualStudioVersion = 10.0.40219.1
Project("{2150E333-8FDC-42A3-9474-1A3956D46DE8}") = "Solution Items", "Solution Items", "{A032E7DB-67AF-4ADF-9D15-085DBBCFA524}"
	ProjectSection(SolutionItems) = preProject
		.gitignore = .gitignore
		appveyor.yml = appveyor.yml
		LICENSE.txt = LICENSE.txt
		POLUtils.snk = POLUtils.snk
		README.md = README.md
		Version.cs = Version.cs
	EndProjectSection
EndProject
Project("{2150E333-8FDC-42A3-9474-1A3956D46DE8}") = "Wiki Pages", "Wiki Pages", "{E32CF1CD-AD65-42C0-9F35-5D60F26E0F8C}"
	ProjectSection(SolutionItems) = preProject
		Wiki\FFXIDATFileEncryption.wiki = Wiki\FFXIDATFileEncryption.wiki
		Wiki\FileFormats.wiki = Wiki\FileFormats.wiki
		Wiki\NPCListFormat.wiki = Wiki\NPCListFormat.wiki
		Wiki\ReleaseHistory.wiki = Wiki\ReleaseHistory.wiki
	EndProjectSection
EndProject
Project("{FAE04EC0-301F-11D3-BF4B-00C04F79EFBC}") = "POLUtils", "POLUtils\POLUtils.csproj", "{AF3C3123-0BD1-4AD4-9AF4-FD0C33871901}"
EndProject
Project("{FAE04EC0-301F-11D3-BF4B-00C04F79EFBC}") = "MassExtractor", "MassExtractor\MassExtractor.csproj", "{C9683F0B-16CA-4CEF-907A-2802B5F12C43}"
EndProject
Project("{FAE04EC0-301F-11D3-BF4B-00C04F79EFBC}") = "ItemListUpgrade", "ItemListUpgrade\ItemListUpgrade.csproj", "{C80C8B59-0A38-4A7B-9C73-00603123B006}"
EndProject
Project("{FAE04EC0-301F-11D3-BF4B-00C04F79EFBC}") = "PlayOnline.Core", "PlayOnline.Core\PlayOnline.Core.csproj", "{84C42502-1564-4617-B80C-ACE781051CE8}"
EndProject
Project("{FAE04EC0-301F-11D3-BF4B-00C04F79EFBC}") = "PlayOnline.FFXI", "PlayOnline.FFXI\PlayOnline.FFXI.csproj", "{F98E06E7-A9BF-4E8A-9059-96DF4DD2BEEC}"
EndProject
Project("{FAE04EC0-301F-11D3-BF4B-00C04F79EFBC}") = "PlayOnline.FFXI.Utils.DataBrowser", "PlayOnline.FFXI.Utils.DataBrowser\PlayOnline.FFXI.Utils.DataBrowser.csproj", "{0E5DF1A6-9060-4E56-BCFC-6928AC4DB179}"
EndProject
Project("{FAE04EC0-301F-11D3-BF4B-00C04F79EFBC}") = "PlayOnline.FFXI.Utils.ConfigEditor", "PlayOnline.FFXI.Utils.ConfigEditor\PlayOnline.FFXI.Utils.ConfigEditor.csproj", "{BB3E6667-1B22-4465-98DA-821815A4BA93}"
EndProject
Project("{FAE04EC0-301F-11D3-BF4B-00C04F79EFBC}") = "PlayOnline.FFXI.Utils.EngrishOnry", "PlayOnline.FFXI.Utils.EngrishOnry\PlayOnline.FFXI.Utils.EngrishOnry.csproj", "{CBB91A27-923B-4853-9C7F-46B1955D436A}"
EndProject
Project("{FAE04EC0-301F-11D3-BF4B-00C04F79EFBC}") = "PlayOnline.FFXI.Utils.ItemComparison", "PlayOnline.FFXI.Utils.ItemComparison\PlayOnline.FFXI.Utils.ItemComparison.csproj", "{CA57295D-4CF1-4FE9-AB40-A2A1F8432BCA}"
EndProject
Project("{FAE04EC0-301F-11D3-BF4B-00C04F79EFBC}") = "PlayOnline.FFXI.Utils.MacroManager", "PlayOnline.FFXI.Utils.MacroManager\PlayOnline.FFXI.Utils.MacroManager.csproj", "{966ACE61-C745-4B5E-AFFA-31A50E24341B}"
EndProject
Project("{FAE04EC0-301F-11D3-BF4B-00C04F79EFBC}") = "PlayOnline.FFXI.Utils.NPCRenamer", "PlayOnline.FFXI.Utils.NPCRenamer\PlayOnline.FFXI.Utils.NPCRenamer.csproj", "{7A167973-DB45-472B-8983-F06B98CE1E70}"
EndProject
Project("{FAE04EC0-301F-11D3-BF4B-00C04F79EFBC}") = "PlayOnline.FFXI.Utils.StrangeApparatus", "PlayOnline.FFXI.Utils.StrangeApparatus\PlayOnline.FFXI.Utils.StrangeApparatus.csproj", "{3B4721B1-F1AD-4F44-88C8-7AE5B25FEDDF}"
EndProject
Project("{FAE04EC0-301F-11D3-BF4B-00C04F79EFBC}") = "PlayOnline.Utils.AudioManager", "PlayOnline.Utils.AudioManager\PlayOnline.Utils.AudioManager.csproj", "{C75FF527-FF4A-4F2B-8F86-69AA30E33C3A}"
EndProject
Project("{FAE04EC0-301F-11D3-BF4B-00C04F79EFBC}") = "PlayOnline.Utils.TetraViewer", "PlayOnline.Utils.TetraViewer\PlayOnline.Utils.TetraViewer.csproj", "{5AE19CFB-270A-4CFA-A89A-E2EDB57CDA3A}"
EndProject
Project("{930C7802-8A8C-48F9-8165-68863BCCD9DD}") = "Installer", "Installer\Installer.wixproj", "{C6741D14-0E44-42BC-A17E-2966B9FBD28B}"
EndProject
Global
	GlobalSection(SolutionConfigurationPlatforms) = preSolution
		Debug|Any CPU = Debug|Any CPU
		Release|Any CPU = Release|Any CPU
	EndGlobalSection
	GlobalSection(ProjectConfigurationPlatforms) = postSolution
		{AF3C3123-0BD1-4AD4-9AF4-FD0C33871901}.Debug|Any CPU.ActiveCfg = Debug|Any CPU
		{AF3C3123-0BD1-4AD4-9AF4-FD0C33871901}.Debug|Any CPU.Build.0 = Debug|Any CPU
		{AF3C3123-0BD1-4AD4-9AF4-FD0C33871901}.Release|Any CPU.ActiveCfg = Release|Any CPU
		{AF3C3123-0BD1-4AD4-9AF4-FD0C33871901}.Release|Any CPU.Build.0 = Release|Any CPU
		{C9683F0B-16CA-4CEF-907A-2802B5F12C43}.Debug|Any CPU.ActiveCfg = Debug|Any CPU
		{C9683F0B-16CA-4CEF-907A-2802B5F12C43}.Debug|Any CPU.Build.0 = Debug|Any CPU
		{C9683F0B-16CA-4CEF-907A-2802B5F12C43}.Release|Any CPU.ActiveCfg = Release|Any CPU
		{C9683F0B-16CA-4CEF-907A-2802B5F12C43}.Release|Any CPU.Build.0 = Release|Any CPU
		{C80C8B59-0A38-4A7B-9C73-00603123B006}.Debug|Any CPU.ActiveCfg = Debug|Any CPU
		{C80C8B59-0A38-4A7B-9C73-00603123B006}.Debug|Any CPU.Build.0 = Debug|Any CPU
		{C80C8B59-0A38-4A7B-9C73-00603123B006}.Release|Any CPU.ActiveCfg = Release|Any CPU
		{C80C8B59-0A38-4A7B-9C73-00603123B006}.Release|Any CPU.Build.0 = Release|Any CPU
		{84C42502-1564-4617-B80C-ACE781051CE8}.Debug|Any CPU.ActiveCfg = Debug|Any CPU
		{84C42502-1564-4617-B80C-ACE781051CE8}.Debug|Any CPU.Build.0 = Debug|Any CPU
		{84C42502-1564-4617-B80C-ACE781051CE8}.Release|Any CPU.ActiveCfg = Release|Any CPU
		{84C42502-1564-4617-B80C-ACE781051CE8}.Release|Any CPU.Build.0 = Release|Any CPU
		{F98E06E7-A9BF-4E8A-9059-96DF4DD2BEEC}.Debug|Any CPU.ActiveCfg = Debug|Any CPU
		{F98E06E7-A9BF-4E8A-9059-96DF4DD2BEEC}.Debug|Any CPU.Build.0 = Debug|Any CPU
		{F98E06E7-A9BF-4E8A-9059-96DF4DD2BEEC}.Release|Any CPU.ActiveCfg = Release|Any CPU
		{F98E06E7-A9BF-4E8A-9059-96DF4DD2BEEC}.Release|Any CPU.Build.0 = Release|Any CPU
		{0E5DF1A6-9060-4E56-BCFC-6928AC4DB179}.Debug|Any CPU.ActiveCfg = Debug|Any CPU
		{0E5DF1A6-9060-4E56-BCFC-6928AC4DB179}.Debug|Any CPU.Build.0 = Debug|Any CPU
		{0E5DF1A6-9060-4E56-BCFC-6928AC4DB179}.Release|Any CPU.ActiveCfg = Release|Any CPU
		{0E5DF1A6-9060-4E56-BCFC-6928AC4DB179}.Release|Any CPU.Build.0 = Release|Any CPU
		{BB3E6667-1B22-4465-98DA-821815A4BA93}.Debug|Any CPU.ActiveCfg = Debug|Any CPU
		{BB3E6667-1B22-4465-98DA-821815A4BA93}.Debug|Any CPU.Build.0 = Debug|Any CPU
		{BB3E6667-1B22-4465-98DA-821815A4BA93}.Release|Any CPU.ActiveCfg = Release|Any CPU
		{BB3E6667-1B22-4465-98DA-821815A4BA93}.Release|Any CPU.Build.0 = Release|Any CPU
		{CBB91A27-923B-4853-9C7F-46B1955D436A}.Debug|Any CPU.ActiveCfg = Debug|Any CPU
		{CBB91A27-923B-4853-9C7F-46B1955D436A}.Debug|Any CPU.Build.0 = Debug|Any CPU
		{CBB91A27-923B-4853-9C7F-46B1955D436A}.Release|Any CPU.ActiveCfg = Release|Any CPU
		{CBB91A27-923B-4853-9C7F-46B1955D436A}.Release|Any CPU.Build.0 = Release|Any CPU
		{CA57295D-4CF1-4FE9-AB40-A2A1F8432BCA}.Debug|Any CPU.ActiveCfg = Debug|Any CPU
		{CA57295D-4CF1-4FE9-AB40-A2A1F8432BCA}.Debug|Any CPU.Build.0 = Debug|Any CPU
		{CA57295D-4CF1-4FE9-AB40-A2A1F8432BCA}.Release|Any CPU.ActiveCfg = Release|Any CPU
		{CA57295D-4CF1-4FE9-AB40-A2A1F8432BCA}.Release|Any CPU.Build.0 = Release|Any CPU
		{966ACE61-C745-4B5E-AFFA-31A50E24341B}.Debug|Any CPU.ActiveCfg = Debug|Any CPU
		{966ACE61-C745-4B5E-AFFA-31A50E24341B}.Debug|Any CPU.Build.0 = Debug|Any CPU
		{966ACE61-C745-4B5E-AFFA-31A50E24341B}.Release|Any CPU.ActiveCfg = Release|Any CPU
		{966ACE61-C745-4B5E-AFFA-31A50E24341B}.Release|Any CPU.Build.0 = Release|Any CPU
		{7A167973-DB45-472B-8983-F06B98CE1E70}.Debug|Any CPU.ActiveCfg = Debug|Any CPU
		{7A167973-DB45-472B-8983-F06B98CE1E70}.Debug|Any CPU.Build.0 = Debug|Any CPU
		{7A167973-DB45-472B-8983-F06B98CE1E70}.Release|Any CPU.ActiveCfg = Release|Any CPU
		{7A167973-DB45-472B-8983-F06B98CE1E70}.Release|Any CPU.Build.0 = Release|Any CPU
		{3B4721B1-F1AD-4F44-88C8-7AE5B25FEDDF}.Debug|Any CPU.ActiveCfg = Debug|Any CPU
		{3B4721B1-F1AD-4F44-88C8-7AE5B25FEDDF}.Debug|Any CPU.Build.0 = Debug|Any CPU
		{3B4721B1-F1AD-4F44-88C8-7AE5B25FEDDF}.Release|Any CPU.ActiveCfg = Release|Any CPU
		{3B4721B1-F1AD-4F44-88C8-7AE5B25FEDDF}.Release|Any CPU.Build.0 = Release|Any CPU
		{C75FF527-FF4A-4F2B-8F86-69AA30E33C3A}.Debug|Any CPU.ActiveCfg = Debug|Any CPU
		{C75FF527-FF4A-4F2B-8F86-69AA30E33C3A}.Debug|Any CPU.Build.0 = Debug|Any CPU
		{C75FF527-FF4A-4F2B-8F86-69AA30E33C3A}.Release|Any CPU.ActiveCfg = Release|Any CPU
		{C75FF527-FF4A-4F2B-8F86-69AA30E33C3A}.Release|Any CPU.Build.0 = Release|Any CPU
		{5AE19CFB-270A-4CFA-A89A-E2EDB57CDA3A}.Debug|Any CPU.ActiveCfg = Debug|Any CPU
		{5AE19CFB-270A-4CFA-A89A-E2EDB57CDA3A}.Debug|Any CPU.Build.0 = Debug|Any CPU
		{5AE19CFB-270A-4CFA-A89A-E2EDB57CDA3A}.Release|Any CPU.ActiveCfg = Release|Any CPU
		{5AE19CFB-270A-4CFA-A89A-E2EDB57CDA3A}.Release|Any CPU.Build.0 = Release|Any CPU
		{C6741D14-0E44-42BC-A17E-2966B9FBD28B}.Debug|Any CPU.ActiveCfg = Debug|x86
		{C6741D14-0E44-42BC-A17E-2966B9FBD28B}.Release|Any CPU.ActiveCfg = Release|x86
		{C6741D14-0E44-42BC-A17E-2966B9FBD28B}.Release|Any CPU.Build.0 = Release|x86
	EndGlobalSection
	GlobalSection(SolutionProperties) = preSolution
		HideSolutionNode = FALSE
	EndGlobalSection
	GlobalSection(NestedProjects) = preSolution
		{E32CF1CD-AD65-42C0-9F35-5D60F26E0F8C} = {A032E7DB-67AF-4ADF-9D15-085DBBCFA524}
	EndGlobalSection
EndGlobal
